
Microsoft Visual Studio Solution File, Format Version 12.00
# Visual Studio Version 17
VisualStudioVersion = 17.0.32112.339
MinimumVisualStudioVersion = 10.0.40219.1
Project("{8BC9CEB8-8B4A-11D0-8D11-00A0C91BC942}") = "UniversityStudent", "UniversityStudent\UniversityStudent.vcxproj", "{CFB0C0DC-F19D-4DFA-B4AC-183E3A2244B1}"
EndProject
Global
	GlobalSection(SolutionConfigurationPlatforms) = preSolution
		Debug|x64 = Debug|x64
		Debug|x86 = Debug|x86
		Release|x64 = Release|x64
		Release|x86 = Release|x86
	EndGlobalSection
	GlobalSection(ProjectConfigurationPlatforms) = postSolution
		{CFB0C0DC-F19D-4DFA-B4AC-183E3A2244B1}.Debug|x64.ActiveCfg = Debug|x64
		{CFB0C0DC-F19D-4DFA-B4AC-183E3A2244B1}.Debug|x64.Build.0 = Debug|x64
		{CFB0C0DC-F19D-4DFA-B4AC-183E3A2244B1}.Debug|x86.ActiveCfg = Debug|Win32
		{CFB0C0DC-F19D-4DFA-B4AC-183E3A2244B1}.Debug|x86.Build.0 = Debug|Win32
		{CFB0C0DC-F19D-4DFA-B4AC-183E3A2244B1}.Release|x64.ActiveCfg = Release|x64
		{CFB0C0DC-F19D-4DFA-B4AC-183E3A2244B1}.Release|x64.Build.0 = Release|x64
		{CFB0C0DC-F19D-4DFA-B4AC-183E3A2244B1}.Release|x86.ActiveCfg = Release|Win32
		{CFB0C0DC-F19D-4DFA-B4AC-183E3A2244B1}.Release|x86.Build.0 = Release|Win32
	EndGlobalSection
	GlobalSection(SolutionProperties) = preSolution
		HideSolutionNode = FALSE
	EndGlobalSection
	GlobalSection(ExtensibilityGlobals) = postSolution
		SolutionGuid = {14AAE4A7-A9FB-4DBD-B5A9-5DB06C9333CD}
	EndGlobalSection
EndGlobal
